
Microsoft Visual Studio Solution File, Format Version 12.00
# Visual Studio Version 16
VisualStudioVersion = 16.0.30011.22
MinimumVisualStudioVersion = 10.0.40219.1
Project("{FAE04EC0-301F-11D3-BF4B-00C04F79EFBC}") = "RedisGEO.Core", "RedisGEO.Core\RedisGEO.Core.csproj", "{209907DA-E954-477C-A0B2-A395D13251C7}"
EndProject
Project("{FAE04EC0-301F-11D3-BF4B-00C04F79EFBC}") = "RedisGEO.Core.Abp", "RedisGEO.Core.Abp\RedisGEO.Core.Abp.csproj", "{14832714-11E5-4167-ACD1-A23B4FB9591B}"
EndProject
Global
	GlobalSection(SolutionConfigurationPlatforms) = preSolution
		Debug|Any CPU = Debug|Any CPU
		Release|Any CPU = Release|Any CPU
	EndGlobalSection
	GlobalSection(ProjectConfigurationPlatforms) = postSolution
		{209907DA-E954-477C-A0B2-A395D13251C7}.Debug|Any CPU.ActiveCfg = Debug|Any CPU
		{209907DA-E954-477C-A0B2-A395D13251C7}.Debug|Any CPU.Build.0 = Debug|Any CPU
		{209907DA-E954-477C-A0B2-A395D13251C7}.Release|Any CPU.ActiveCfg = Release|Any CPU
		{209907DA-E954-477C-A0B2-A395D13251C7}.Release|Any CPU.Build.0 = Release|Any CPU
		{14832714-11E5-4167-ACD1-A23B4FB9591B}.Debug|Any CPU.ActiveCfg = Debug|Any CPU
		{14832714-11E5-4167-ACD1-A23B4FB9591B}.Debug|Any CPU.Build.0 = Debug|Any CPU
		{14832714-11E5-4167-ACD1-A23B4FB9591B}.Release|Any CPU.ActiveCfg = Release|Any CPU
		{14832714-11E5-4167-ACD1-A23B4FB9591B}.Release|Any CPU.Build.0 = Release|Any CPU
	EndGlobalSection
	GlobalSection(SolutionProperties) = preSolution
		HideSolutionNode = FALSE
	EndGlobalSection
	GlobalSection(ExtensibilityGlobals) = postSolution
		SolutionGuid = {F8718D47-6A31-4345-BDCD-B57744213DB6}
	EndGlobalSection
EndGlobal
